
Microsoft Visual Studio Solution File, Format Version 9.00
# Visual Studio 2005
Project("{F184B08F-C81C-45F6-A57F-5ABD9991F28F}") = "DriveSee", "DriveSee\DriveSee.vbproj", "{D9C9BF09-B503-47A5-BA9B-AAE55F79109A}"
EndProject
Global
	GlobalSection(SolutionConfigurationPlatforms) = preSolution
		Debug|Any CPU = Debug|Any CPU
		Release|Any CPU = Release|Any CPU
	EndGlobalSection
	GlobalSection(ProjectConfigurationPlatforms) = postSolution
		{D9C9BF09-B503-47A5-BA9B-AAE55F79109A}.Debug|Any CPU.ActiveCfg = Debug|Any CPU
		{D9C9BF09-B503-47A5-BA9B-AAE55F79109A}.Debug|Any CPU.Build.0 = Debug|Any CPU
		{D9C9BF09-B503-47A5-BA9B-AAE55F79109A}.Release|Any CPU.ActiveCfg = Release|Any CPU
		{D9C9BF09-B503-47A5-BA9B-AAE55F79109A}.Release|Any CPU.Build.0 = Release|Any CPU
	EndGlobalSection
	GlobalSection(SolutionProperties) = preSolution
		HideSolutionNode = FALSE
	EndGlobalSection
EndGlobal
